
Microsoft Visual Studio Solution File, Format Version 12.00
# Visual Studio Version 16
VisualStudioVersion = 16.0.29230.47
MinimumVisualStudioVersion = 10.0.40219.1
Project("{FAE04EC0-301F-11D3-BF4B-00C04F79EFBC}") = "ScraperJumbo", "ScraperJumbo\ScraperJumbo.csproj", "{72D6FE8E-78DA-4A87-89BE-49DED9B07A46}"
EndProject
Global
	GlobalSection(SolutionConfigurationPlatforms) = preSolution
		Debug|Any CPU = Debug|Any CPU
		Release|Any CPU = Release|Any CPU
	EndGlobalSection
	GlobalSection(ProjectConfigurationPlatforms) = postSolution
		{72D6FE8E-78DA-4A87-89BE-49DED9B07A46}.Debug|Any CPU.ActiveCfg = Debug|Any CPU
		{72D6FE8E-78DA-4A87-89BE-49DED9B07A46}.Debug|Any CPU.Build.0 = Debug|Any CPU
		{72D6FE8E-78DA-4A87-89BE-49DED9B07A46}.Release|Any CPU.ActiveCfg = Release|Any CPU
		{72D6FE8E-78DA-4A87-89BE-49DED9B07A46}.Release|Any CPU.Build.0 = Release|Any CPU
	EndGlobalSection
	GlobalSection(SolutionProperties) = preSolution
		HideSolutionNode = FALSE
	EndGlobalSection
	GlobalSection(ExtensibilityGlobals) = postSolution
		SolutionGuid = {587BB713-AFF8-40CD-B8EB-68E776CCFA23}
	EndGlobalSection
EndGlobal
